
Microsoft Visual Studio Solution File, Format Version 12.00
# Visual Studio Version 17
VisualStudioVersion = 17.1.32328.378
MinimumVisualStudioVersion = 10.0.40219.1
Project("{FAE04EC0-301F-11D3-BF4B-00C04F79EFBC}") = "HomeWork", "HomeWork\HomeWork.csproj", "{28791C85-D855-476E-97A5-955A7843A5E6}"
EndProject
Project("{FAE04EC0-301F-11D3-BF4B-00C04F79EFBC}") = "Tasks", "Tasks\Tasks.csproj", "{CD132E09-9E5E-4119-AD90-8F59EB817C0A}"
EndProject
Project("{FAE04EC0-301F-11D3-BF4B-00C04F79EFBC}") = "TASK_2", "TASK_2\TASK_2.csproj", "{4E7831E4-89C0-4FEA-88F8-228E42EDA399}"
EndProject
Project("{FAE04EC0-301F-11D3-BF4B-00C04F79EFBC}") = "Task_3", "Task_3\Task_3.csproj", "{6E886399-7247-427A-A451-C336FAA209C1}"
EndProject
Project("{FAE04EC0-301F-11D3-BF4B-00C04F79EFBC}") = "Task_4_", "Task_4_\Task_4_.csproj", "{E06BE80E-5F2D-4109-957E-C3076F5DC51B}"
EndProject
Project("{FAE04EC0-301F-11D3-BF4B-00C04F79EFBC}") = "Task_5", "Task_5\Task_5.csproj", "{62049711-CF0B-46C0-802F-AA06848E54F4}"
EndProject
Project("{FAE04EC0-301F-11D3-BF4B-00C04F79EFBC}") = "Building_house", "Building_house\Building_house.csproj", "{C6B1EB81-B00D-47DA-8C27-153249F1D059}"
EndProject
Project("{FAE04EC0-301F-11D3-BF4B-00C04F79EFBC}") = "WF1.1", "WF1\WF1.1.csproj", "{92276115-8F94-40D5-9BB7-73EE6C3C00BE}"
EndProject
Project("{FAE04EC0-301F-11D3-BF4B-00C04F79EFBC}") = "WF1.5", "WF1.5\WF1.5.csproj", "{1690A680-9AF5-4043-B9ED-F7D6F9712C83}"
EndProject
Project("{FAE04EC0-301F-11D3-BF4B-00C04F79EFBC}") = "WF5.2", "WF5.2\WF5.2.csproj", "{C8B82385-1F19-4BB6-AC3F-744EC540AB7A}"
EndProject
Project("{FAE04EC0-301F-11D3-BF4B-00C04F79EFBC}") = "BestOil", "BestOil\BestOil.csproj", "{791C9414-6B9D-48CF-8A73-4F5552B72A46}"
EndProject
Project("{FAE04EC0-301F-11D3-BF4B-00C04F79EFBC}") = "WPF1", "WPF1\WPF1.csproj", "{C6980908-4B11-41F1-B9E9-887956472274}"
EndProject
Global
	GlobalSection(SolutionConfigurationPlatforms) = preSolution
		Debug|Any CPU = Debug|Any CPU
		Release|Any CPU = Release|Any CPU
	EndGlobalSection
	GlobalSection(ProjectConfigurationPlatforms) = postSolution
		{28791C85-D855-476E-97A5-955A7843A5E6}.Debug|Any CPU.ActiveCfg = Debug|Any CPU
		{28791C85-D855-476E-97A5-955A7843A5E6}.Debug|Any CPU.Build.0 = Debug|Any CPU
		{28791C85-D855-476E-97A5-955A7843A5E6}.Release|Any CPU.ActiveCfg = Release|Any CPU
		{28791C85-D855-476E-97A5-955A7843A5E6}.Release|Any CPU.Build.0 = Release|Any CPU
		{CD132E09-9E5E-4119-AD90-8F59EB817C0A}.Debug|Any CPU.ActiveCfg = Debug|Any CPU
		{CD132E09-9E5E-4119-AD90-8F59EB817C0A}.Debug|Any CPU.Build.0 = Debug|Any CPU
		{CD132E09-9E5E-4119-AD90-8F59EB817C0A}.Release|Any CPU.ActiveCfg = Release|Any CPU
		{CD132E09-9E5E-4119-AD90-8F59EB817C0A}.Release|Any CPU.Build.0 = Release|Any CPU
		{4E7831E4-89C0-4FEA-88F8-228E42EDA399}.Debug|Any CPU.ActiveCfg = Debug|Any CPU
		{4E7831E4-89C0-4FEA-88F8-228E42EDA399}.Debug|Any CPU.Build.0 = Debug|Any CPU
		{4E7831E4-89C0-4FEA-88F8-228E42EDA399}.Release|Any CPU.ActiveCfg = Release|Any CPU
		{4E7831E4-89C0-4FEA-88F8-228E42EDA399}.Release|Any CPU.Build.0 = Release|Any CPU
		{6E886399-7247-427A-A451-C336FAA209C1}.Debug|Any CPU.ActiveCfg = Debug|Any CPU
		{6E886399-7247-427A-A451-C336FAA209C1}.Debug|Any CPU.Build.0 = Debug|Any CPU
		{6E886399-7247-427A-A451-C336FAA209C1}.Release|Any CPU.ActiveCfg = Release|Any CPU
		{6E886399-7247-427A-A451-C336FAA209C1}.Release|Any CPU.Build.0 = Release|Any CPU
		{E06BE80E-5F2D-4109-957E-C3076F5DC51B}.Debug|Any CPU.ActiveCfg = Debug|Any CPU
		{E06BE80E-5F2D-4109-957E-C3076F5DC51B}.Debug|Any CPU.Build.0 = Debug|Any CPU
		{E06BE80E-5F2D-4109-957E-C3076F5DC51B}.Release|Any CPU.ActiveCfg = Release|Any CPU
		{E06BE80E-5F2D-4109-957E-C3076F5DC51B}.Release|Any CPU.Build.0 = Release|Any CPU
		{62049711-CF0B-46C0-802F-AA06848E54F4}.Debug|Any CPU.ActiveCfg = Debug|Any CPU
		{62049711-CF0B-46C0-802F-AA06848E54F4}.Debug|Any CPU.Build.0 = Debug|Any CPU
		{62049711-CF0B-46C0-802F-AA06848E54F4}.Release|Any CPU.ActiveCfg = Release|Any CPU
		{62049711-CF0B-46C0-802F-AA06848E54F4}.Release|Any CPU.Build.0 = Release|Any CPU
		{C6B1EB81-B00D-47DA-8C27-153249F1D059}.Debug|Any CPU.ActiveCfg = Debug|Any CPU
		{C6B1EB81-B00D-47DA-8C27-153249F1D059}.Debug|Any CPU.Build.0 = Debug|Any CPU
		{C6B1EB81-B00D-47DA-8C27-153249F1D059}.Release|Any CPU.ActiveCfg = Release|Any CPU
		{C6B1EB81-B00D-47DA-8C27-153249F1D059}.Release|Any CPU.Build.0 = Release|Any CPU
		{92276115-8F94-40D5-9BB7-73EE6C3C00BE}.Debug|Any CPU.ActiveCfg = Debug|Any CPU
		{92276115-8F94-40D5-9BB7-73EE6C3C00BE}.Debug|Any CPU.Build.0 = Debug|Any CPU
		{92276115-8F94-40D5-9BB7-73EE6C3C00BE}.Release|Any CPU.ActiveCfg = Release|Any CPU
		{92276115-8F94-40D5-9BB7-73EE6C3C00BE}.Release|Any CPU.Build.0 = Release|Any CPU
		{1690A680-9AF5-4043-B9ED-F7D6F9712C83}.Debug|Any CPU.ActiveCfg = Debug|Any CPU
		{1690A680-9AF5-4043-B9ED-F7D6F9712C83}.Debug|Any CPU.Build.0 = Debug|Any CPU
		{1690A680-9AF5-4043-B9ED-F7D6F9712C83}.Release|Any CPU.ActiveCfg = Release|Any CPU
		{1690A680-9AF5-4043-B9ED-F7D6F9712C83}.Release|Any CPU.Build.0 = Release|Any CPU
		{C8B82385-1F19-4BB6-AC3F-744EC540AB7A}.Debug|Any CPU.ActiveCfg = Debug|Any CPU
		{C8B82385-1F19-4BB6-AC3F-744EC540AB7A}.Debug|Any CPU.Build.0 = Debug|Any CPU
		{C8B82385-1F19-4BB6-AC3F-744EC540AB7A}.Release|Any CPU.ActiveCfg = Release|Any CPU
		{C8B82385-1F19-4BB6-AC3F-744EC540AB7A}.Release|Any CPU.Build.0 = Release|Any CPU
		{791C9414-6B9D-48CF-8A73-4F5552B72A46}.Debug|Any CPU.ActiveCfg = Debug|Any CPU
		{791C9414-6B9D-48CF-8A73-4F5552B72A46}.Debug|Any CPU.Build.0 = Debug|Any CPU
		{791C9414-6B9D-48CF-8A73-4F5552B72A46}.Release|Any CPU.ActiveCfg = Release|Any CPU
		{791C9414-6B9D-48CF-8A73-4F5552B72A46}.Release|Any CPU.Build.0 = Release|Any CPU
		{C6980908-4B11-41F1-B9E9-887956472274}.Debug|Any CPU.ActiveCfg = Debug|Any CPU
		{C6980908-4B11-41F1-B9E9-887956472274}.Debug|Any CPU.Build.0 = Debug|Any CPU
		{C6980908-4B11-41F1-B9E9-887956472274}.Release|Any CPU.ActiveCfg = Release|Any CPU
		{C6980908-4B11-41F1-B9E9-887956472274}.Release|Any CPU.Build.0 = Release|Any CPU
	EndGlobalSection
	GlobalSection(SolutionProperties) = preSolution
		HideSolutionNode = FALSE
	EndGlobalSection
	GlobalSection(ExtensibilityGlobals) = postSolution
		SolutionGuid = {608D09BF-E02A-476F-B04D-60A2D8C2B46C}
	EndGlobalSection
EndGlobal
