
Microsoft Visual Studio Solution File, Format Version 12.00
# Visual Studio Version 17
VisualStudioVersion = 17.1.32328.378
MinimumVisualStudioVersion = 10.0.40219.1
Project("{FAE04EC0-301F-11D3-BF4B-00C04F79EFBC}") = "HomeWork", "HomeWork\HomeWork.csproj", "{28791C85-D855-476E-97A5-955A7843A5E6}"
EndProject
Project("{FAE04EC0-301F-11D3-BF4B-00C04F79EFBC}") = "Tasks", "Tasks\Tasks.csproj", "{CD132E09-9E5E-4119-AD90-8F59EB817C0A}"
EndProject
Project("{FAE04EC0-301F-11D3-BF4B-00C04F79EFBC}") = "TASK_2", "TASK_2\TASK_2.csproj", "{4E7831E4-89C0-4FEA-88F8-228E42EDA399}"
EndProject
Project("{FAE04EC0-301F-11D3-BF4B-00C04F79EFBC}") = "Task_3", "Task_3\Task_3.csproj", "{6E886399-7247-427A-A451-C336FAA209C1}"
EndProject
Global
	GlobalSection(SolutionConfigurationPlatforms) = preSolution
		Debug|Any CPU = Debug|Any CPU
		Release|Any CPU = Release|Any CPU
	EndGlobalSection
	GlobalSection(ProjectConfigurationPlatforms) = postSolution
		{28791C85-D855-476E-97A5-955A7843A5E6}.Debug|Any CPU.ActiveCfg = Debug|Any CPU
		{28791C85-D855-476E-97A5-955A7843A5E6}.Debug|Any CPU.Build.0 = Debug|Any CPU
		{28791C85-D855-476E-97A5-955A7843A5E6}.Release|Any CPU.ActiveCfg = Release|Any CPU
		{28791C85-D855-476E-97A5-955A7843A5E6}.Release|Any CPU.Build.0 = Release|Any CPU
		{CD132E09-9E5E-4119-AD90-8F59EB817C0A}.Debug|Any CPU.ActiveCfg = Debug|Any CPU
		{CD132E09-9E5E-4119-AD90-8F59EB817C0A}.Debug|Any CPU.Build.0 = Debug|Any CPU
		{CD132E09-9E5E-4119-AD90-8F59EB817C0A}.Release|Any CPU.ActiveCfg = Release|Any CPU
		{CD132E09-9E5E-4119-AD90-8F59EB817C0A}.Release|Any CPU.Build.0 = Release|Any CPU
		{4E7831E4-89C0-4FEA-88F8-228E42EDA399}.Debug|Any CPU.ActiveCfg = Debug|Any CPU
		{4E7831E4-89C0-4FEA-88F8-228E42EDA399}.Debug|Any CPU.Build.0 = Debug|Any CPU
		{4E7831E4-89C0-4FEA-88F8-228E42EDA399}.Release|Any CPU.ActiveCfg = Release|Any CPU
		{4E7831E4-89C0-4FEA-88F8-228E42EDA399}.Release|Any CPU.Build.0 = Release|Any CPU
		{6E886399-7247-427A-A451-C336FAA209C1}.Debug|Any CPU.ActiveCfg = Debug|Any CPU
		{6E886399-7247-427A-A451-C336FAA209C1}.Debug|Any CPU.Build.0 = Debug|Any CPU
		{6E886399-7247-427A-A451-C336FAA209C1}.Release|Any CPU.ActiveCfg = Release|Any CPU
		{6E886399-7247-427A-A451-C336FAA209C1}.Release|Any CPU.Build.0 = Release|Any CPU
	EndGlobalSection
	GlobalSection(SolutionProperties) = preSolution
		HideSolutionNode = FALSE
	EndGlobalSection
	GlobalSection(ExtensibilityGlobals) = postSolution
		SolutionGuid = {608D09BF-E02A-476F-B04D-60A2D8C2B46C}
	EndGlobalSection
EndGlobal
